
Microsoft Visual Studio Solution File, Format Version 12.00
# Visual Studio 2012
Project("{FAE04EC0-301F-11D3-BF4B-00C04F79EFBC}") = "ASPASC.UI", "ASPASC.UI\ASPASC.UI.csproj", "{895435B7-F273-48CD-9ACB-9E90F6E0F8C0}"
EndProject
Project("{FAE04EC0-301F-11D3-BF4B-00C04F79EFBC}") = "ASPASC.BusinessLayer", "ASPASC.BusinessLayer\ASPASC.BusinessLayer.csproj", "{AF22F493-D414-4F9A-B9FB-3FDF8FB7DE2F}"
EndProject
Project("{FAE04EC0-301F-11D3-BF4B-00C04F79EFBC}") = "ASPASC.Model", "ASPASC.Model\ASPASC.Model.csproj", "{BF6E955D-7C23-444A-B848-FA8F8091D583}"
EndProject
Project("{FAE04EC0-301F-11D3-BF4B-00C04F79EFBC}") = "ASPASC.MembershipProvider", "ASPASC.MembershipProvider\ASPASC.MembershipProvider.csproj", "{70E3C0BE-E6FD-4D3B-86B4-72DAE3511973}"
EndProject
Project("{FAE04EC0-301F-11D3-BF4B-00C04F79EFBC}") = "ASPASC.DataLayer", "ASPASC.DataLayer\ASPASC.DataLayer.csproj", "{7B2AE288-3AA0-476B-8F5A-F8E884F067D3}"
EndProject
Project("{FAE04EC0-301F-11D3-BF4B-00C04F79EFBC}") = "ASPASC.Utilities", "ASPASC.Utilities\ASPASC.Utilities.csproj", "{D65D975C-136F-49C4-83B0-040AEF3D992F}"
EndProject
Project("{6141683F-8A12-4E36-9623-2EB02B2C2303}") = "ASPASC.Setup", "ASPASC.Setup\ASPASC.Setup.isproj", "{FDEB9C94-67C2-4DF1-B13A-004E6C0708B8}"
	ProjectSection(ProjectDependencies) = postProject
		{895435B7-F273-48CD-9ACB-9E90F6E0F8C0} = {895435B7-F273-48CD-9ACB-9E90F6E0F8C0}
	EndProjectSection
EndProject
Project("{2150E333-8FDC-42A3-9474-1A3956D46DE8}") = "Code", "Code", "{D45120B8-25B3-414C-B3AB-742031878679}"
EndProject
Global
	GlobalSection(TeamFoundationVersionControl) = preSolution
		SccNumberOfProjects = 3
		SccEnterpriseProvider = {4CA58AB2-18FA-4F8D-95D4-32DDF27D184C}
		SccTeamFoundationServer = https://tfs.codeplex.com/tfs/tfs21
		SccLocalPath0 = .
		SccProjectUniqueName1 = ASPASC.Setup\\ASPASC.Setup.isproj
		SccProjectName1 = ASPASC.Setup
		SccLocalPath1 = ASPASC.Setup
		SccProjectUniqueName2 = ASPASC.BusinessLayer\\ASPASC.BusinessLayer.csproj
		SccProjectTopLevelParentUniqueName2 = ASPASCSoln.sln
		SccProjectName2 = ASPASC.BusinessLayer
		SccLocalPath2 = ASPASC.BusinessLayer
	EndGlobalSection
	GlobalSection(SolutionConfigurationPlatforms) = preSolution
		CD_ROM|Any CPU = CD_ROM|Any CPU
		Debug|Any CPU = Debug|Any CPU
		DVD-5|Any CPU = DVD-5|Any CPU
		Release|Any CPU = Release|Any CPU
		SingleImage|Any CPU = SingleImage|Any CPU
	EndGlobalSection
	GlobalSection(ProjectConfigurationPlatforms) = postSolution
		{895435B7-F273-48CD-9ACB-9E90F6E0F8C0}.CD_ROM|Any CPU.ActiveCfg = Release|Any CPU
		{895435B7-F273-48CD-9ACB-9E90F6E0F8C0}.CD_ROM|Any CPU.Build.0 = Release|Any CPU
		{895435B7-F273-48CD-9ACB-9E90F6E0F8C0}.Debug|Any CPU.ActiveCfg = Debug|Any CPU
		{895435B7-F273-48CD-9ACB-9E90F6E0F8C0}.Debug|Any CPU.Build.0 = Debug|Any CPU
		{895435B7-F273-48CD-9ACB-9E90F6E0F8C0}.DVD-5|Any CPU.ActiveCfg = Debug|Any CPU
		{895435B7-F273-48CD-9ACB-9E90F6E0F8C0}.DVD-5|Any CPU.Build.0 = Debug|Any CPU
		{895435B7-F273-48CD-9ACB-9E90F6E0F8C0}.Release|Any CPU.ActiveCfg = Release|Any CPU
		{895435B7-F273-48CD-9ACB-9E90F6E0F8C0}.Release|Any CPU.Build.0 = Release|Any CPU
		{895435B7-F273-48CD-9ACB-9E90F6E0F8C0}.SingleImage|Any CPU.ActiveCfg = Release|Any CPU
		{895435B7-F273-48CD-9ACB-9E90F6E0F8C0}.SingleImage|Any CPU.Build.0 = Release|Any CPU
		{AF22F493-D414-4F9A-B9FB-3FDF8FB7DE2F}.CD_ROM|Any CPU.ActiveCfg = Release|Any CPU
		{AF22F493-D414-4F9A-B9FB-3FDF8FB7DE2F}.CD_ROM|Any CPU.Build.0 = Release|Any CPU
		{AF22F493-D414-4F9A-B9FB-3FDF8FB7DE2F}.Debug|Any CPU.ActiveCfg = Debug|Any CPU
		{AF22F493-D414-4F9A-B9FB-3FDF8FB7DE2F}.Debug|Any CPU.Build.0 = Debug|Any CPU
		{AF22F493-D414-4F9A-B9FB-3FDF8FB7DE2F}.DVD-5|Any CPU.ActiveCfg = Debug|Any CPU
		{AF22F493-D414-4F9A-B9FB-3FDF8FB7DE2F}.DVD-5|Any CPU.Build.0 = Debug|Any CPU
		{AF22F493-D414-4F9A-B9FB-3FDF8FB7DE2F}.Release|Any CPU.ActiveCfg = Release|Any CPU
		{AF22F493-D414-4F9A-B9FB-3FDF8FB7DE2F}.Release|Any CPU.Build.0 = Release|Any CPU
		{AF22F493-D414-4F9A-B9FB-3FDF8FB7DE2F}.SingleImage|Any CPU.ActiveCfg = Release|Any CPU
		{AF22F493-D414-4F9A-B9FB-3FDF8FB7DE2F}.SingleImage|Any CPU.Build.0 = Release|Any CPU
		{BF6E955D-7C23-444A-B848-FA8F8091D583}.CD_ROM|Any CPU.ActiveCfg = Release|Any CPU
		{BF6E955D-7C23-444A-B848-FA8F8091D583}.CD_ROM|Any CPU.Build.0 = Release|Any CPU
		{BF6E955D-7C23-444A-B848-FA8F8091D583}.Debug|Any CPU.ActiveCfg = Debug|Any CPU
		{BF6E955D-7C23-444A-B848-FA8F8091D583}.Debug|Any CPU.Build.0 = Debug|Any CPU
		{BF6E955D-7C23-444A-B848-FA8F8091D583}.DVD-5|Any CPU.ActiveCfg = Debug|Any CPU
		{BF6E955D-7C23-444A-B848-FA8F8091D583}.DVD-5|Any CPU.Build.0 = Debug|Any CPU
		{BF6E955D-7C23-444A-B848-FA8F8091D583}.Release|Any CPU.ActiveCfg = Release|Any CPU
		{BF6E955D-7C23-444A-B848-FA8F8091D583}.Release|Any CPU.Build.0 = Release|Any CPU
		{BF6E955D-7C23-444A-B848-FA8F8091D583}.SingleImage|Any CPU.ActiveCfg = Release|Any CPU
		{BF6E955D-7C23-444A-B848-FA8F8091D583}.SingleImage|Any CPU.Build.0 = Release|Any CPU
		{70E3C0BE-E6FD-4D3B-86B4-72DAE3511973}.CD_ROM|Any CPU.ActiveCfg = Release|Any CPU
		{70E3C0BE-E6FD-4D3B-86B4-72DAE3511973}.CD_ROM|Any CPU.Build.0 = Release|Any CPU
		{70E3C0BE-E6FD-4D3B-86B4-72DAE3511973}.Debug|Any CPU.ActiveCfg = Debug|Any CPU
		{70E3C0BE-E6FD-4D3B-86B4-72DAE3511973}.Debug|Any CPU.Build.0 = Debug|Any CPU
		{70E3C0BE-E6FD-4D3B-86B4-72DAE3511973}.DVD-5|Any CPU.ActiveCfg = Debug|Any CPU
		{70E3C0BE-E6FD-4D3B-86B4-72DAE3511973}.DVD-5|Any CPU.Build.0 = Debug|Any CPU
		{70E3C0BE-E6FD-4D3B-86B4-72DAE3511973}.Release|Any CPU.ActiveCfg = Release|Any CPU
		{70E3C0BE-E6FD-4D3B-86B4-72DAE3511973}.Release|Any CPU.Build.0 = Release|Any CPU
		{70E3C0BE-E6FD-4D3B-86B4-72DAE3511973}.SingleImage|Any CPU.ActiveCfg = Release|Any CPU
		{70E3C0BE-E6FD-4D3B-86B4-72DAE3511973}.SingleImage|Any CPU.Build.0 = Release|Any CPU
		{7B2AE288-3AA0-476B-8F5A-F8E884F067D3}.CD_ROM|Any CPU.ActiveCfg = Release|Any CPU
		{7B2AE288-3AA0-476B-8F5A-F8E884F067D3}.CD_ROM|Any CPU.Build.0 = Release|Any CPU
		{7B2AE288-3AA0-476B-8F5A-F8E884F067D3}.Debug|Any CPU.ActiveCfg = Debug|Any CPU
		{7B2AE288-3AA0-476B-8F5A-F8E884F067D3}.Debug|Any CPU.Build.0 = Debug|Any CPU
		{7B2AE288-3AA0-476B-8F5A-F8E884F067D3}.DVD-5|Any CPU.ActiveCfg = Debug|Any CPU
		{7B2AE288-3AA0-476B-8F5A-F8E884F067D3}.DVD-5|Any CPU.Build.0 = Debug|Any CPU
		{7B2AE288-3AA0-476B-8F5A-F8E884F067D3}.Release|Any CPU.ActiveCfg = Release|Any CPU
		{7B2AE288-3AA0-476B-8F5A-F8E884F067D3}.Release|Any CPU.Build.0 = Release|Any CPU
		{7B2AE288-3AA0-476B-8F5A-F8E884F067D3}.SingleImage|Any CPU.ActiveCfg = Release|Any CPU
		{7B2AE288-3AA0-476B-8F5A-F8E884F067D3}.SingleImage|Any CPU.Build.0 = Release|Any CPU
		{D65D975C-136F-49C4-83B0-040AEF3D992F}.CD_ROM|Any CPU.ActiveCfg = Release|Any CPU
		{D65D975C-136F-49C4-83B0-040AEF3D992F}.CD_ROM|Any CPU.Build.0 = Release|Any CPU
		{D65D975C-136F-49C4-83B0-040AEF3D992F}.Debug|Any CPU.ActiveCfg = Debug|Any CPU
		{D65D975C-136F-49C4-83B0-040AEF3D992F}.Debug|Any CPU.Build.0 = Debug|Any CPU
		{D65D975C-136F-49C4-83B0-040AEF3D992F}.DVD-5|Any CPU.ActiveCfg = Debug|Any CPU
		{D65D975C-136F-49C4-83B0-040AEF3D992F}.DVD-5|Any CPU.Build.0 = Debug|Any CPU
		{D65D975C-136F-49C4-83B0-040AEF3D992F}.Release|Any CPU.ActiveCfg = Release|Any CPU
		{D65D975C-136F-49C4-83B0-040AEF3D992F}.Release|Any CPU.Build.0 = Release|Any CPU
		{D65D975C-136F-49C4-83B0-040AEF3D992F}.SingleImage|Any CPU.ActiveCfg = Release|Any CPU
		{D65D975C-136F-49C4-83B0-040AEF3D992F}.SingleImage|Any CPU.Build.0 = Release|Any CPU
		{FDEB9C94-67C2-4DF1-B13A-004E6C0708B8}.CD_ROM|Any CPU.ActiveCfg = CD_ROM
		{FDEB9C94-67C2-4DF1-B13A-004E6C0708B8}.CD_ROM|Any CPU.Build.0 = CD_ROM
		{FDEB9C94-67C2-4DF1-B13A-004E6C0708B8}.Debug|Any CPU.ActiveCfg = DVD-5
		{FDEB9C94-67C2-4DF1-B13A-004E6C0708B8}.Debug|Any CPU.Build.0 = DVD-5
		{FDEB9C94-67C2-4DF1-B13A-004E6C0708B8}.DVD-5|Any CPU.ActiveCfg = DVD-5
		{FDEB9C94-67C2-4DF1-B13A-004E6C0708B8}.DVD-5|Any CPU.Build.0 = DVD-5
		{FDEB9C94-67C2-4DF1-B13A-004E6C0708B8}.Release|Any CPU.ActiveCfg = SingleImage
		{FDEB9C94-67C2-4DF1-B13A-004E6C0708B8}.Release|Any CPU.Build.0 = SingleImage
		{FDEB9C94-67C2-4DF1-B13A-004E6C0708B8}.SingleImage|Any CPU.ActiveCfg = SingleImage
		{FDEB9C94-67C2-4DF1-B13A-004E6C0708B8}.SingleImage|Any CPU.Build.0 = SingleImage
	EndGlobalSection
	GlobalSection(SolutionProperties) = preSolution
		HideSolutionNode = FALSE
	EndGlobalSection
	GlobalSection(NestedProjects) = preSolution
		{AF22F493-D414-4F9A-B9FB-3FDF8FB7DE2F} = {D45120B8-25B3-414C-B3AB-742031878679}
		{D65D975C-136F-49C4-83B0-040AEF3D992F} = {D45120B8-25B3-414C-B3AB-742031878679}
		{895435B7-F273-48CD-9ACB-9E90F6E0F8C0} = {D45120B8-25B3-414C-B3AB-742031878679}
		{BF6E955D-7C23-444A-B848-FA8F8091D583} = {D45120B8-25B3-414C-B3AB-742031878679}
		{70E3C0BE-E6FD-4D3B-86B4-72DAE3511973} = {D45120B8-25B3-414C-B3AB-742031878679}
		{7B2AE288-3AA0-476B-8F5A-F8E884F067D3} = {D45120B8-25B3-414C-B3AB-742031878679}
	EndGlobalSection
EndGlobal
